// !$*UTF8*$!
{
	archiveVersion = 1;
	classes = {
	};
	objectVersion = 48;
	objects = {

/* Begin PBXBuildFile section */
		2E66B7E11F829DF800DE0B0F /* AppDelegate.m in Sources */ = {isa = PBXBuildFile; fileRef = 2E66B7E01F829DF800DE0B0F /* AppDelegate.m */; };
		2E66B7E41F829DF800DE0B0F /* ViewController.m in Sources */ = {isa = PBXBuildFile; fileRef = 2E66B7E31F829DF800DE0B0F /* ViewController.m */; };
		2E66B7E71F829DF800DE0B0F /* Main.storyboard in Resources */ = {isa = PBXBuildFile; fileRef = 2E66B7E51F829DF800DE0B0F /* Main.storyboard */; };
		2E66B7EA1F829DF800DE0B0F /* iCheckIn.xcdatamodeld in Sources */ = {isa = PBXBuildFile; fileRef = 2E66B7E81F829DF800DE0B0F /* iCheckIn.xcdatamodeld */; };
		2E66B7EC1F829DF800DE0B0F /* Assets.xcassets in Resources */ = {isa = PBXBuildFile; fileRef = 2E66B7EB1F829DF800DE0B0F /* Assets.xcassets */; };
		2E66B7EF1F829DF800DE0B0F /* LaunchScreen.storyboard in Resources */ = {isa = PBXBuildFile; fileRef = 2E66B7ED1F829DF800DE0B0F /* LaunchScreen.storyboard */; };
		2E66B7F21F829DF800DE0B0F /* main.m in Sources */ = {isa = PBXBuildFile; fileRef = 2E66B7F11F829DF800DE0B0F /* main.m */; };
		2E66B7FC1F829DF800DE0B0F /* iCheckInTests.m in Sources */ = {isa = PBXBuildFile; fileRef = 2E66B7FB1F829DF800DE0B0F /* iCheckInTests.m */; };
		2E66B8071F829DF800DE0B0F /* iCheckInUITests.m in Sources */ = {isa = PBXBuildFile; fileRef = 2E66B8061F829DF800DE0B0F /* iCheckInUITests.m */; };
		302AF73EB2C1645AF7707C24 /* libPods-iCheckIn.a in Frameworks */ = {isa = PBXBuildFile; fileRef = FF646C9AB2AFB331AD38C6D0 /* libPods-iCheckIn.a */; };
		47E1DA1FCBCFB2476BB6FEDC /* libPods-iCheckInUITests.a in Frameworks */ = {isa = PBXBuildFile; fileRef = 9601D9DDD323BEB33A3CC35B /* libPods-iCheckInUITests.a */; };
		820678411FD0980300DB7D38 /* Common.m in Sources */ = {isa = PBXBuildFile; fileRef = 820678401FD0980300DB7D38 /* Common.m */; };
		829E01751FCF912900415A65 /* Services.m in Sources */ = {isa = PBXBuildFile; fileRef = 829E01691FCF912800415A65 /* Services.m */; };
		829E01761FCF912900415A65 /* AppDelegate.m in Sources */ = {isa = PBXBuildFile; fileRef = 829E016C1FCF912800415A65 /* AppDelegate.m */; };
		829E01771FCF912900415A65 /* GoogleService-Info.plist in Resources */ = {isa = PBXBuildFile; fileRef = 829E016E1FCF912800415A65 /* GoogleService-Info.plist */; };
		829E01781FCF912900415A65 /* AppDelegate.m in Sources */ = {isa = PBXBuildFile; fileRef = 829E01711FCF912900415A65 /* AppDelegate.m */; };
		829E01791FCF912900415A65 /* AppDelegate.m in Sources */ = {isa = PBXBuildFile; fileRef = 829E01741FCF912900415A65 /* AppDelegate.m */; };
		829E017D1FCF916A00415A65 /* GoogleLogInView.m in Sources */ = {isa = PBXBuildFile; fileRef = 829E017C1FCF916A00415A65 /* GoogleLogInView.m */; };
		829E01891FCF9D1500415A65 /* WelcomePage.xcassets in Resources */ = {isa = PBXBuildFile; fileRef = 829E01881FCF9D1500415A65 /* WelcomePage.xcassets */; };
		A8E55695549FECFC5F2F5B6D /* libPods-iCheckInTests.a in Frameworks */ = {isa = PBXBuildFile; fileRef = 50530855DED9F136A1650D41 /* libPods-iCheckInTests.a */; };
/* End PBXBuildFile section */

/* Begin PBXContainerItemProxy section */
		2E66B7F81F829DF800DE0B0F /* PBXContainerItemProxy */ = {
			isa = PBXContainerItemProxy;
			containerPortal = 2E66B7D41F829DF800DE0B0F /* Project object */;
			proxyType = 1;
			remoteGlobalIDString = 2E66B7DB1F829DF800DE0B0F;
			remoteInfo = iCheckIn;
		};
		2E66B8031F829DF800DE0B0F /* PBXContainerItemProxy */ = {
			isa = PBXContainerItemProxy;
			containerPortal = 2E66B7D41F829DF800DE0B0F /* Project object */;
			proxyType = 1;
			remoteGlobalIDString = 2E66B7DB1F829DF800DE0B0F;
			remoteInfo = iCheckIn;
		};
/* End PBXContainerItemProxy section */

/* Begin PBXFileReference section */
		259E19C598C1E1BFD2EE9523 /* Pods-iCheckInUITests.release.xcconfig */ = {isa = PBXFileReference; includeInIndex = 1; lastKnownFileType = text.xcconfig; name = "Pods-iCheckInUITests.release.xcconfig"; path = "Pods/Target Support Files/Pods-iCheckInUITests/Pods-iCheckInUITests.release.xcconfig"; sourceTree = "<group>"; };
		2E66B7DC1F829DF800DE0B0F /* iCheckIn.app */ = {isa = PBXFileReference; explicitFileType = wrapper.application; includeInIndex = 0; path = iCheckIn.app; sourceTree = BUILT_PRODUCTS_DIR; };
		2E66B7DF1F829DF800DE0B0F /* AppDelegate.h */ = {isa = PBXFileReference; lastKnownFileType = sourcecode.c.h; path = AppDelegate.h; sourceTree = "<group>"; };
		2E66B7E01F829DF800DE0B0F /* AppDelegate.m */ = {isa = PBXFileReference; lastKnownFileType = sourcecode.c.objc; path = AppDelegate.m; sourceTree = "<group>"; };
		2E66B7E21F829DF800DE0B0F /* ViewController.h */ = {isa = PBXFileReference; lastKnownFileType = sourcecode.c.h; path = ViewController.h; sourceTree = "<group>"; };
		2E66B7E31F829DF800DE0B0F /* ViewController.m */ = {isa = PBXFileReference; lastKnownFileType = sourcecode.c.objc; path = ViewController.m; sourceTree = "<group>"; };
		2E66B7E61F829DF800DE0B0F /* Base */ = {isa = PBXFileReference; lastKnownFileType = file.storyboard; name = Base; path = Base.lproj/Main.storyboard; sourceTree = "<group>"; };
		2E66B7E91F829DF800DE0B0F /* iCheckIn.xcdatamodel */ = {isa = PBXFileReference; lastKnownFileType = wrapper.xcdatamodel; path = iCheckIn.xcdatamodel; sourceTree = "<group>"; };
		2E66B7EB1F829DF800DE0B0F /* Assets.xcassets */ = {isa = PBXFileReference; lastKnownFileType = folder.assetcatalog; path = Assets.xcassets; sourceTree = "<group>"; };
		2E66B7EE1F829DF800DE0B0F /* Base */ = {isa = PBXFileReference; lastKnownFileType = file.storyboard; name = Base; path = Base.lproj/LaunchScreen.storyboard; sourceTree = "<group>"; };
		2E66B7F01F829DF800DE0B0F /* Info.plist */ = {isa = PBXFileReference; lastKnownFileType = text.plist.xml; path = Info.plist; sourceTree = "<group>"; };
		2E66B7F11F829DF800DE0B0F /* main.m */ = {isa = PBXFileReference; lastKnownFileType = sourcecode.c.objc; path = main.m; sourceTree = "<group>"; };
		2E66B7F71F829DF800DE0B0F /* iCheckInTests.xctest */ = {isa = PBXFileReference; explicitFileType = wrapper.cfbundle; includeInIndex = 0; path = iCheckInTests.xctest; sourceTree = BUILT_PRODUCTS_DIR; };
		2E66B7FB1F829DF800DE0B0F /* iCheckInTests.m */ = {isa = PBXFileReference; lastKnownFileType = sourcecode.c.objc; path = iCheckInTests.m; sourceTree = "<group>"; };
		2E66B7FD1F829DF800DE0B0F /* Info.plist */ = {isa = PBXFileReference; lastKnownFileType = text.plist.xml; path = Info.plist; sourceTree = "<group>"; };
		2E66B8021F829DF800DE0B0F /* iCheckInUITests.xctest */ = {isa = PBXFileReference; explicitFileType = wrapper.cfbundle; includeInIndex = 0; path = iCheckInUITests.xctest; sourceTree = BUILT_PRODUCTS_DIR; };
		2E66B8061F829DF800DE0B0F /* iCheckInUITests.m */ = {isa = PBXFileReference; lastKnownFileType = sourcecode.c.objc; path = iCheckInUITests.m; sourceTree = "<group>"; };
		2E66B8081F829DF800DE0B0F /* Info.plist */ = {isa = PBXFileReference; lastKnownFileType = text.plist.xml; path = Info.plist; sourceTree = "<group>"; };
		50530855DED9F136A1650D41 /* libPods-iCheckInTests.a */ = {isa = PBXFileReference; explicitFileType = archive.ar; includeInIndex = 0; path = "libPods-iCheckInTests.a"; sourceTree = BUILT_PRODUCTS_DIR; };
		5B06726CFBB2162DA2EECC9A /* Pods-iCheckIn.release.xcconfig */ = {isa = PBXFileReference; includeInIndex = 1; lastKnownFileType = text.xcconfig; name = "Pods-iCheckIn.release.xcconfig"; path = "Pods/Target Support Files/Pods-iCheckIn/Pods-iCheckIn.release.xcconfig"; sourceTree = "<group>"; };
		6D05A3DFF77667F0FE93D25A /* Pods-iCheckInTests.debug.xcconfig */ = {isa = PBXFileReference; includeInIndex = 1; lastKnownFileType = text.xcconfig; name = "Pods-iCheckInTests.debug.xcconfig"; path = "Pods/Target Support Files/Pods-iCheckInTests/Pods-iCheckInTests.debug.xcconfig"; sourceTree = "<group>"; };
		7E1DCA00AD1332BA6C7B9A39 /* Pods-iCheckIn.debug.xcconfig */ = {isa = PBXFileReference; includeInIndex = 1; lastKnownFileType = text.xcconfig; name = "Pods-iCheckIn.debug.xcconfig"; path = "Pods/Target Support Files/Pods-iCheckIn/Pods-iCheckIn.debug.xcconfig"; sourceTree = "<group>"; };
		8206783D1FD0965900DB7D38 /* Common.h */ = {isa = PBXFileReference; fileEncoding = 4; lastKnownFileType = sourcecode.c.h; path = Common.h; sourceTree = "<group>"; };
		8206783F1FD0965900DB7D38 /* GoogleLogInViewProtocol.h */ = {isa = PBXFileReference; fileEncoding = 4; lastKnownFileType = sourcecode.c.h; path = GoogleLogInViewProtocol.h; sourceTree = "<group>"; };
		820678401FD0980300DB7D38 /* Common.m */ = {isa = PBXFileReference; fileEncoding = 4; lastKnownFileType = sourcecode.c.objc; path = Common.m; sourceTree = "<group>"; };
		829E01681FCF912800415A65 /* Services.h */ = {isa = PBXFileReference; fileEncoding = 4; lastKnownFileType = sourcecode.c.h; path = Services.h; sourceTree = "<group>"; };
		829E01691FCF912800415A65 /* Services.m */ = {isa = PBXFileReference; fileEncoding = 4; lastKnownFileType = sourcecode.c.objc; path = Services.m; sourceTree = "<group>"; };
		829E016B1FCF912800415A65 /* AppDelegate.h */ = {isa = PBXFileReference; fileEncoding = 4; lastKnownFileType = sourcecode.c.h; path = AppDelegate.h; sourceTree = "<group>"; };
		829E016C1FCF912800415A65 /* AppDelegate.m */ = {isa = PBXFileReference; fileEncoding = 4; lastKnownFileType = sourcecode.c.objc; path = AppDelegate.m; sourceTree = "<group>"; };
		829E016E1FCF912800415A65 /* GoogleService-Info.plist */ = {isa = PBXFileReference; fileEncoding = 4; lastKnownFileType = text.plist.xml; path = "GoogleService-Info.plist"; sourceTree = "<group>"; };
		829E01701FCF912900415A65 /* AppDelegate.h */ = {isa = PBXFileReference; fileEncoding = 4; lastKnownFileType = sourcecode.c.h; path = AppDelegate.h; sourceTree = "<group>"; };
		829E01711FCF912900415A65 /* AppDelegate.m */ = {isa = PBXFileReference; fileEncoding = 4; lastKnownFileType = sourcecode.c.objc; path = AppDelegate.m; sourceTree = "<group>"; };
		829E01731FCF912900415A65 /* AppDelegate.h */ = {isa = PBXFileReference; fileEncoding = 4; lastKnownFileType = sourcecode.c.h; path = AppDelegate.h; sourceTree = "<group>"; };
		829E01741FCF912900415A65 /* AppDelegate.m */ = {isa = PBXFileReference; fileEncoding = 4; lastKnownFileType = sourcecode.c.objc; path = AppDelegate.m; sourceTree = "<group>"; };
		829E017B1FCF916A00415A65 /* GoogleLogInView.h */ = {isa = PBXFileReference; fileEncoding = 4; lastKnownFileType = sourcecode.c.h; path = GoogleLogInView.h; sourceTree = "<group>"; };
		829E017C1FCF916A00415A65 /* GoogleLogInView.m */ = {isa = PBXFileReference; fileEncoding = 4; lastKnownFileType = sourcecode.c.objc; path = GoogleLogInView.m; sourceTree = "<group>"; };
		829E01881FCF9D1500415A65 /* WelcomePage.xcassets */ = {isa = PBXFileReference; lastKnownFileType = folder.assetcatalog; path = WelcomePage.xcassets; sourceTree = "<group>"; };
		9601D9DDD323BEB33A3CC35B /* libPods-iCheckInUITests.a */ = {isa = PBXFileReference; explicitFileType = archive.ar; includeInIndex = 0; path = "libPods-iCheckInUITests.a"; sourceTree = BUILT_PRODUCTS_DIR; };
		B01EDD3CE06C15075F87F7DA /* Pods-iCheckInUITests.debug.xcconfig */ = {isa = PBXFileReference; includeInIndex = 1; lastKnownFileType = text.xcconfig; name = "Pods-iCheckInUITests.debug.xcconfig"; path = "Pods/Target Support Files/Pods-iCheckInUITests/Pods-iCheckInUITests.debug.xcconfig"; sourceTree = "<group>"; };
		C3242FDF9BD75D08D4D1F4F0 /* Pods-iCheckInTests.release.xcconfig */ = {isa = PBXFileReference; includeInIndex = 1; lastKnownFileType = text.xcconfig; name = "Pods-iCheckInTests.release.xcconfig"; path = "Pods/Target Support Files/Pods-iCheckInTests/Pods-iCheckInTests.release.xcconfig"; sourceTree = "<group>"; };
		FF646C9AB2AFB331AD38C6D0 /* libPods-iCheckIn.a */ = {isa = PBXFileReference; explicitFileType = archive.ar; includeInIndex = 0; path = "libPods-iCheckIn.a"; sourceTree = BUILT_PRODUCTS_DIR; };
/* End PBXFileReference section */

/* Begin PBXFrameworksBuildPhase section */
		2E66B7D91F829DF800DE0B0F /* Frameworks */ = {
			isa = PBXFrameworksBuildPhase;
			buildActionMask = 2147483647;
			files = (
				302AF73EB2C1645AF7707C24 /* libPods-iCheckIn.a in Frameworks */,
			);
			runOnlyForDeploymentPostprocessing = 0;
		};
		2E66B7F41F829DF800DE0B0F /* Frameworks */ = {
			isa = PBXFrameworksBuildPhase;
			buildActionMask = 2147483647;
			files = (
				A8E55695549FECFC5F2F5B6D /* libPods-iCheckInTests.a in Frameworks */,
			);
			runOnlyForDeploymentPostprocessing = 0;
		};
		2E66B7FF1F829DF800DE0B0F /* Frameworks */ = {
			isa = PBXFrameworksBuildPhase;
			buildActionMask = 2147483647;
			files = (
				47E1DA1FCBCFB2476BB6FEDC /* libPods-iCheckInUITests.a in Frameworks */,
			);
			runOnlyForDeploymentPostprocessing = 0;
		};
/* End PBXFrameworksBuildPhase section */

/* Begin PBXGroup section */
		2E66B7D31F829DF800DE0B0F = {
			isa = PBXGroup;
			children = (
				2E66B7DE1F829DF800DE0B0F /* iCheckIn */,
				2E66B7FA1F829DF800DE0B0F /* iCheckInTests */,
				2E66B8051F829DF800DE0B0F /* iCheckInUITests */,
				2E66B7DD1F829DF800DE0B0F /* Products */,
				9FD18454B0101FF56B471C0B /* Pods */,
				F35A259F15BA16664453DFBD /* Frameworks */,
			);
			sourceTree = "<group>";
		};
		2E66B7DD1F829DF800DE0B0F /* Products */ = {
			isa = PBXGroup;
			children = (
				2E66B7DC1F829DF800DE0B0F /* iCheckIn.app */,
				2E66B7F71F829DF800DE0B0F /* iCheckInTests.xctest */,
				2E66B8021F829DF800DE0B0F /* iCheckInUITests.xctest */,
			);
			name = Products;
			sourceTree = "<group>";
		};
		2E66B7DE1F829DF800DE0B0F /* iCheckIn */ = {
			isa = PBXGroup;
			children = (
				8206783C1FD0965900DB7D38 /* Protocols */,
				829E016A1FCF912800415A65 /* Controllers */,
				829E016F1FCF912900415A65 /* BussRepository */,
				829E01671FCF912800415A65 /* Services */,
				829E017A1FCF916A00415A65 /* Views */,
				829E01721FCF912900415A65 /* DataModels */,
				829E01841FCF9C5100415A65 /* Content */,
				2E66B7DF1F829DF800DE0B0F /* AppDelegate.h */,
				2E66B7E01F829DF800DE0B0F /* AppDelegate.m */,
				2E66B7E21F829DF800DE0B0F /* ViewController.h */,
				2E66B7E31F829DF800DE0B0F /* ViewController.m */,
				2E66B7E51F829DF800DE0B0F /* Main.storyboard */,
				2E66B7EB1F829DF800DE0B0F /* Assets.xcassets */,
				2E66B7ED1F829DF800DE0B0F /* LaunchScreen.storyboard */,
				2E66B7F01F829DF800DE0B0F /* Info.plist */,
				2E66B7F11F829DF800DE0B0F /* main.m */,
				2E66B7E81F829DF800DE0B0F /* iCheckIn.xcdatamodeld */,
				829E016D1FCF912800415A65 /* Google */,
			);
			path = iCheckIn;
			sourceTree = "<group>";
		};
		2E66B7FA1F829DF800DE0B0F /* iCheckInTests */ = {
			isa = PBXGroup;
			children = (
				2E66B7FB1F829DF800DE0B0F /* iCheckInTests.m */,
				2E66B7FD1F829DF800DE0B0F /* Info.plist */,
			);
			path = iCheckInTests;
			sourceTree = "<group>";
		};
		2E66B8051F829DF800DE0B0F /* iCheckInUITests */ = {
			isa = PBXGroup;
			children = (
				2E66B8061F829DF800DE0B0F /* iCheckInUITests.m */,
				2E66B8081F829DF800DE0B0F /* Info.plist */,
			);
			path = iCheckInUITests;
			sourceTree = "<group>";
		};
		8206783C1FD0965900DB7D38 /* Protocols */ = {
			isa = PBXGroup;
			children = (
				8206783D1FD0965900DB7D38 /* Common.h */,
				820678401FD0980300DB7D38 /* Common.m */,
				8206783E1FD0965900DB7D38 /* GoogleLogInViewProtocol */,
			);
			path = Protocols;
			sourceTree = "<group>";
		};
		8206783E1FD0965900DB7D38 /* GoogleLogInViewProtocol */ = {
			isa = PBXGroup;
			children = (
				8206783F1FD0965900DB7D38 /* GoogleLogInViewProtocol.h */,
			);
			path = GoogleLogInViewProtocol;
			sourceTree = "<group>";
		};
		829E01671FCF912800415A65 /* Services */ = {
			isa = PBXGroup;
			children = (
				829E01681FCF912800415A65 /* Services.h */,
				829E01691FCF912800415A65 /* Services.m */,
			);
			path = Services;
			sourceTree = "<group>";
		};
		829E016A1FCF912800415A65 /* Controllers */ = {
			isa = PBXGroup;
			children = (
				829E016B1FCF912800415A65 /* AppDelegate.h */,
				829E016C1FCF912800415A65 /* AppDelegate.m */,
			);
			path = Controllers;
			sourceTree = "<group>";
		};
		829E016D1FCF912800415A65 /* Google */ = {
			isa = PBXGroup;
			children = (
				829E016E1FCF912800415A65 /* GoogleService-Info.plist */,
			);
			path = Google;
			sourceTree = "<group>";
		};
		829E016F1FCF912900415A65 /* BussRepository */ = {
			isa = PBXGroup;
			children = (
				829E01701FCF912900415A65 /* AppDelegate.h */,
				829E01711FCF912900415A65 /* AppDelegate.m */,
			);
			path = BussRepository;
			sourceTree = "<group>";
		};
		829E01721FCF912900415A65 /* DataModels */ = {
			isa = PBXGroup;
			children = (
				829E01731FCF912900415A65 /* AppDelegate.h */,
				829E01741FCF912900415A65 /* AppDelegate.m */,
			);
			path = DataModels;
			sourceTree = "<group>";
		};
		829E017A1FCF916A00415A65 /* Views */ = {
			isa = PBXGroup;
			children = (
				829E017B1FCF916A00415A65 /* GoogleLogInView.h */,
				829E017C1FCF916A00415A65 /* GoogleLogInView.m */,
			);
			name = Views;
			path = iCheckIn/Views;
			sourceTree = SOURCE_ROOT;
		};
		829E01841FCF9C5100415A65 /* Content */ = {
			isa = PBXGroup;
			children = (
				829E01881FCF9D1500415A65 /* WelcomePage.xcassets */,
			);
			path = Content;
			sourceTree = "<group>";
		};
		9FD18454B0101FF56B471C0B /* Pods */ = {
			isa = PBXGroup;
			children = (
				7E1DCA00AD1332BA6C7B9A39 /* Pods-iCheckIn.debug.xcconfig */,
				5B06726CFBB2162DA2EECC9A /* Pods-iCheckIn.release.xcconfig */,
				6D05A3DFF77667F0FE93D25A /* Pods-iCheckInTests.debug.xcconfig */,
				C3242FDF9BD75D08D4D1F4F0 /* Pods-iCheckInTests.release.xcconfig */,
				B01EDD3CE06C15075F87F7DA /* Pods-iCheckInUITests.debug.xcconfig */,
				259E19C598C1E1BFD2EE9523 /* Pods-iCheckInUITests.release.xcconfig */,
			);
			name = Pods;
			sourceTree = "<group>";
		};
		F35A259F15BA16664453DFBD /* Frameworks */ = {
			isa = PBXGroup;
			children = (
				FF646C9AB2AFB331AD38C6D0 /* libPods-iCheckIn.a */,
				50530855DED9F136A1650D41 /* libPods-iCheckInTests.a */,
				9601D9DDD323BEB33A3CC35B /* libPods-iCheckInUITests.a */,
			);
			name = Frameworks;
			sourceTree = "<group>";
		};
/* End PBXGroup section */

/* Begin PBXNativeTarget section */
		2E66B7DB1F829DF800DE0B0F /* iCheckIn */ = {
			isa = PBXNativeTarget;
			buildConfigurationList = 2E66B80B1F829DF800DE0B0F /* Build configuration list for PBXNativeTarget "iCheckIn" */;
			buildPhases = (
				C7E8FBA25BF56BE7FFC070A0 /* [CP] Check Pods Manifest.lock */,
				2E66B7D81F829DF800DE0B0F /* Sources */,
				2E66B7D91F829DF800DE0B0F /* Frameworks */,
				2E66B7DA1F829DF800DE0B0F /* Resources */,
				BF48E32CA81F95F71426EF22 /* [CP] Embed Pods Frameworks */,
				81905134D000611184A1DE1D /* [CP] Copy Pods Resources */,
			);
			buildRules = (
			);
			dependencies = (
			);
			name = iCheckIn;
			productName = iCheckIn;
			productReference = 2E66B7DC1F829DF800DE0B0F /* iCheckIn.app */;
			productType = "com.apple.product-type.application";
		};
		2E66B7F61F829DF800DE0B0F /* iCheckInTests */ = {
			isa = PBXNativeTarget;
			buildConfigurationList = 2E66B80E1F829DF800DE0B0F /* Build configuration list for PBXNativeTarget "iCheckInTests" */;
			buildPhases = (
				7CCCE6DC775F14EA5FF79D0E /* [CP] Check Pods Manifest.lock */,
				2E66B7F31F829DF800DE0B0F /* Sources */,
				2E66B7F41F829DF800DE0B0F /* Frameworks */,
				2E66B7F51F829DF800DE0B0F /* Resources */,
				98213446F3744948B32D7B38 /* [CP] Embed Pods Frameworks */,
				98C76DC852E02623E678FCAC /* [CP] Copy Pods Resources */,
			);
			buildRules = (
			);
			dependencies = (
				2E66B7F91F829DF800DE0B0F /* PBXTargetDependency */,
			);
			name = iCheckInTests;
			productName = iCheckInTests;
			productReference = 2E66B7F71F829DF800DE0B0F /* iCheckInTests.xctest */;
			productType = "com.apple.product-type.bundle.unit-test";
		};
		2E66B8011F829DF800DE0B0F /* iCheckInUITests */ = {
			isa = PBXNativeTarget;
			buildConfigurationList = 2E66B8111F829DF800DE0B0F /* Build configuration list for PBXNativeTarget "iCheckInUITests" */;
			buildPhases = (
				C29279D0358136121305F845 /* [CP] Check Pods Manifest.lock */,
				2E66B7FE1F829DF800DE0B0F /* Sources */,
				2E66B7FF1F829DF800DE0B0F /* Frameworks */,
				2E66B8001F829DF800DE0B0F /* Resources */,
				B36FAEF4756C95ABC4A7EFDB /* [CP] Embed Pods Frameworks */,
				589EAFE4CF7D9FFCAA695BC3 /* [CP] Copy Pods Resources */,
			);
			buildRules = (
			);
			dependencies = (
				2E66B8041F829DF800DE0B0F /* PBXTargetDependency */,
			);
			name = iCheckInUITests;
			productName = iCheckInUITests;
			productReference = 2E66B8021F829DF800DE0B0F /* iCheckInUITests.xctest */;
			productType = "com.apple.product-type.bundle.ui-testing";
		};
/* End PBXNativeTarget section */

/* Begin PBXProject section */
		2E66B7D41F829DF800DE0B0F /* Project object */ = {
			isa = PBXProject;
			attributes = {
				LastUpgradeCheck = 0900;
				ORGANIZATIONNAME = Kian;
				TargetAttributes = {
					2E66B7DB1F829DF800DE0B0F = {
						CreatedOnToolsVersion = 9.0;
						ProvisioningStyle = Automatic;
					};
					2E66B7F61F829DF800DE0B0F = {
						CreatedOnToolsVersion = 9.0;
						ProvisioningStyle = Automatic;
						TestTargetID = 2E66B7DB1F829DF800DE0B0F;
					};
					2E66B8011F829DF800DE0B0F = {
						CreatedOnToolsVersion = 9.0;
						ProvisioningStyle = Automatic;
						TestTargetID = 2E66B7DB1F829DF800DE0B0F;
					};
				};
			};
			buildConfigurationList = 2E66B7D71F829DF800DE0B0F /* Build configuration list for PBXProject "iCheckIn" */;
			compatibilityVersion = "Xcode 8.0";
			developmentRegion = en;
			hasScannedForEncodings = 0;
			knownRegions = (
				en,
				Base,
			);
			mainGroup = 2E66B7D31F829DF800DE0B0F;
			productRefGroup = 2E66B7DD1F829DF800DE0B0F /* Products */;
			projectDirPath = "";
			projectRoot = "";
			targets = (
				2E66B7DB1F829DF800DE0B0F /* iCheckIn */,
				2E66B7F61F829DF800DE0B0F /* iCheckInTests */,
				2E66B8011F829DF800DE0B0F /* iCheckInUITests */,
			);
		};
/* End PBXProject section */

/* Begin PBXResourcesBuildPhase section */
		2E66B7DA1F829DF800DE0B0F /* Resources */ = {
			isa = PBXResourcesBuildPhase;
			buildActionMask = 2147483647;
			files = (
				2E66B7EF1F829DF800DE0B0F /* LaunchScreen.storyboard in Resources */,
				829E01771FCF912900415A65 /* GoogleService-Info.plist in Resources */,
				2E66B7EC1F829DF800DE0B0F /* Assets.xcassets in Resources */,
				2E66B7E71F829DF800DE0B0F /* Main.storyboard in Resources */,
				829E01891FCF9D1500415A65 /* WelcomePage.xcassets in Resources */,
			);
			runOnlyForDeploymentPostprocessing = 0;
		};
		2E66B7F51F829DF800DE0B0F /* Resources */ = {
			isa = PBXResourcesBuildPhase;
			buildActionMask = 2147483647;
			files = (
			);
			runOnlyForDeploymentPostprocessing = 0;
		};
		2E66B8001F829DF800DE0B0F /* Resources */ = {
			isa = PBXResourcesBuildPhase;
			buildActionMask = 2147483647;
			files = (
			);
			runOnlyForDeploymentPostprocessing = 0;
		};
/* End PBXResourcesBuildPhase section */

/* Begin PBXShellScriptBuildPhase section */
		589EAFE4CF7D9FFCAA695BC3 /* [CP] Copy Pods Resources */ = {
			isa = PBXShellScriptBuildPhase;
			buildActionMask = 2147483647;
			files = (
			);
			inputPaths = (
			);
			name = "[CP] Copy Pods Resources";
			outputPaths = (
			);
			runOnlyForDeploymentPostprocessing = 0;
			shellPath = /bin/sh;
			shellScript = "\"${SRCROOT}/Pods/Target Support Files/Pods-iCheckInUITests/Pods-iCheckInUITests-resources.sh\"\n";
			showEnvVarsInLog = 0;
		};
		7CCCE6DC775F14EA5FF79D0E /* [CP] Check Pods Manifest.lock */ = {
			isa = PBXShellScriptBuildPhase;
			buildActionMask = 2147483647;
			files = (
			);
			inputPaths = (
				"${PODS_PODFILE_DIR_PATH}/Podfile.lock",
				"${PODS_ROOT}/Manifest.lock",
			);
			name = "[CP] Check Pods Manifest.lock";
			outputPaths = (
				"$(DERIVED_FILE_DIR)/Pods-iCheckInTests-checkManifestLockResult.txt",
			);
			runOnlyForDeploymentPostprocessing = 0;
			shellPath = /bin/sh;
			shellScript = "diff \"${PODS_PODFILE_DIR_PATH}/Podfile.lock\" \"${PODS_ROOT}/Manifest.lock\" > /dev/null\nif [ $? != 0 ] ; then\n    # print error to STDERR\n    echo \"error: The sandbox is not in sync with the Podfile.lock. Run 'pod install' or update your CocoaPods installation.\" >&2\n    exit 1\nfi\n# This output is used by Xcode 'outputs' to avoid re-running this script phase.\necho \"SUCCESS\" > \"${SCRIPT_OUTPUT_FILE_0}\"\n";
			showEnvVarsInLog = 0;
		};
		81905134D000611184A1DE1D /* [CP] Copy Pods Resources */ = {
			isa = PBXShellScriptBuildPhase;
			buildActionMask = 2147483647;
			files = (
			);
			inputPaths = (
				"${SRCROOT}/Pods/Target Support Files/Pods-iCheckIn/Pods-iCheckIn-resources.sh",
				"${PODS_ROOT}/FirebaseInvites/Resources/GINInviteResources.bundle",
				"${PODS_ROOT}/FirebaseInvites/Resources/GPPACLPickerResources.bundle",
				"${PODS_ROOT}/GTMOAuth2/Source/Touch/GTMOAuth2ViewTouch.xib",
				"${PODS_ROOT}/GoogleMaps/Maps/Frameworks/GoogleMaps.framework/Resources/GoogleMaps.bundle",
				"${PODS_ROOT}/GooglePlaces/Frameworks/GooglePlaces.framework/Resources/GooglePlaces.bundle",
				"${PODS_ROOT}/GoogleSignIn/Resources/GoogleSignIn.bundle",
			);
			name = "[CP] Copy Pods Resources";
			outputPaths = (
				"${TARGET_BUILD_DIR}/${UNLOCALIZED_RESOURCES_FOLDER_PATH}",
			);
			runOnlyForDeploymentPostprocessing = 0;
			shellPath = /bin/sh;
			shellScript = "\"${SRCROOT}/Pods/Target Support Files/Pods-iCheckIn/Pods-iCheckIn-resources.sh\"\n";
			showEnvVarsInLog = 0;
		};
		98213446F3744948B32D7B38 /* [CP] Embed Pods Frameworks */ = {
			isa = PBXShellScriptBuildPhase;
			buildActionMask = 2147483647;
			files = (
			);
			inputPaths = (
			);
			name = "[CP] Embed Pods Frameworks";
			outputPaths = (
			);
			runOnlyForDeploymentPostprocessing = 0;
			shellPath = /bin/sh;
			shellScript = "\"${SRCROOT}/Pods/Target Support Files/Pods-iCheckInTests/Pods-iCheckInTests-frameworks.sh\"\n";
			showEnvVarsInLog = 0;
		};
		98C76DC852E02623E678FCAC /* [CP] Copy Pods Resources */ = {
			isa = PBXShellScriptBuildPhase;
			buildActionMask = 2147483647;
			files = (
			);
			inputPaths = (
			);
			name = "[CP] Copy Pods Resources";
			outputPaths = (
			);
			runOnlyForDeploymentPostprocessing = 0;
			shellPath = /bin/sh;
			shellScript = "\"${SRCROOT}/Pods/Target Support Files/Pods-iCheckInTests/Pods-iCheckInTests-resources.sh\"\n";
			showEnvVarsInLog = 0;
		};
		B36FAEF4756C95ABC4A7EFDB /* [CP] Embed Pods Frameworks */ = {
			isa = PBXShellScriptBuildPhase;
			buildActionMask = 2147483647;
			files = (
			);
			inputPaths = (
			);
			name = "[CP] Embed Pods Frameworks";
			outputPaths = (
			);
			runOnlyForDeploymentPostprocessing = 0;
			shellPath = /bin/sh;
			shellScript = "\"${SRCROOT}/Pods/Target Support Files/Pods-iCheckInUITests/Pods-iCheckInUITests-frameworks.sh\"\n";
			showEnvVarsInLog = 0;
		};
		BF48E32CA81F95F71426EF22 /* [CP] Embed Pods Frameworks */ = {
			isa = PBXShellScriptBuildPhase;
			buildActionMask = 2147483647;
			files = (
			);
			inputPaths = (
			);
			name = "[CP] Embed Pods Frameworks";
			outputPaths = (
			);
			runOnlyForDeploymentPostprocessing = 0;
			shellPath = /bin/sh;
			shellScript = "\"${SRCROOT}/Pods/Target Support Files/Pods-iCheckIn/Pods-iCheckIn-frameworks.sh\"\n";
			showEnvVarsInLog = 0;
		};
		C29279D0358136121305F845 /* [CP] Check Pods Manifest.lock */ = {
			isa = PBXShellScriptBuildPhase;
			buildActionMask = 2147483647;
			files = (
			);
			inputPaths = (
				"${PODS_PODFILE_DIR_PATH}/Podfile.lock",
				"${PODS_ROOT}/Manifest.lock",
			);
			name = "[CP] Check Pods Manifest.lock";
			outputPaths = (
				"$(DERIVED_FILE_DIR)/Pods-iCheckInUITests-checkManifestLockResult.txt",
			);
			runOnlyForDeploymentPostprocessing = 0;
			shellPath = /bin/sh;
			shellScript = "diff \"${PODS_PODFILE_DIR_PATH}/Podfile.lock\" \"${PODS_ROOT}/Manifest.lock\" > /dev/null\nif [ $? != 0 ] ; then\n    # print error to STDERR\n    echo \"error: The sandbox is not in sync with the Podfile.lock. Run 'pod install' or update your CocoaPods installation.\" >&2\n    exit 1\nfi\n# This output is used by Xcode 'outputs' to avoid re-running this script phase.\necho \"SUCCESS\" > \"${SCRIPT_OUTPUT_FILE_0}\"\n";
			showEnvVarsInLog = 0;
		};
		C7E8FBA25BF56BE7FFC070A0 /* [CP] Check Pods Manifest.lock */ = {
			isa = PBXShellScriptBuildPhase;
			buildActionMask = 2147483647;
			files = (
			);
			inputPaths = (
				"${PODS_PODFILE_DIR_PATH}/Podfile.lock",
				"${PODS_ROOT}/Manifest.lock",
			);
			name = "[CP] Check Pods Manifest.lock";
			outputPaths = (
				"$(DERIVED_FILE_DIR)/Pods-iCheckIn-checkManifestLockResult.txt",
			);
			runOnlyForDeploymentPostprocessing = 0;
			shellPath = /bin/sh;
			shellScript = "diff \"${PODS_PODFILE_DIR_PATH}/Podfile.lock\" \"${PODS_ROOT}/Manifest.lock\" > /dev/null\nif [ $? != 0 ] ; then\n    # print error to STDERR\n    echo \"error: The sandbox is not in sync with the Podfile.lock. Run 'pod install' or update your CocoaPods installation.\" >&2\n    exit 1\nfi\n# This output is used by Xcode 'outputs' to avoid re-running this script phase.\necho \"SUCCESS\" > \"${SCRIPT_OUTPUT_FILE_0}\"\n";
			showEnvVarsInLog = 0;
		};
/* End PBXShellScriptBuildPhase section */

/* Begin PBXSourcesBuildPhase section */
		2E66B7D81F829DF800DE0B0F /* Sources */ = {
			isa = PBXSourcesBuildPhase;
			buildActionMask = 2147483647;
			files = (
				2E66B7EA1F829DF800DE0B0F /* iCheckIn.xcdatamodeld in Sources */,
				2E66B7E41F829DF800DE0B0F /* ViewController.m in Sources */,
				820678411FD0980300DB7D38 /* Common.m in Sources */,
				829E017D1FCF916A00415A65 /* GoogleLogInView.m in Sources */,
				829E01761FCF912900415A65 /* AppDelegate.m in Sources */,
				2E66B7F21F829DF800DE0B0F /* main.m in Sources */,
				829E01791FCF912900415A65 /* AppDelegate.m in Sources */,
				2E66B7E11F829DF800DE0B0F /* AppDelegate.m in Sources */,
				829E01751FCF912900415A65 /* Services.m in Sources */,
				829E01781FCF912900415A65 /* AppDelegate.m in Sources */,
			);
			runOnlyForDeploymentPostprocessing = 0;
		};
		2E66B7F31F829DF800DE0B0F /* Sources */ = {
			isa = PBXSourcesBuildPhase;
			buildActionMask = 2147483647;
			files = (
				2E66B7FC1F829DF800DE0B0F /* iCheckInTests.m in Sources */,
			);
			runOnlyForDeploymentPostprocessing = 0;
		};
		2E66B7FE1F829DF800DE0B0F /* Sources */ = {
			isa = PBXSourcesBuildPhase;
			buildActionMask = 2147483647;
			files = (
				2E66B8071F829DF800DE0B0F /* iCheckInUITests.m in Sources */,
			);
			runOnlyForDeploymentPostprocessing = 0;
		};
/* End PBXSourcesBuildPhase section */

/* Begin PBXTargetDependency section */
		2E66B7F91F829DF800DE0B0F /* PBXTargetDependency */ = {
			isa = PBXTargetDependency;
			target = 2E66B7DB1F829DF800DE0B0F /* iCheckIn */;
			targetProxy = 2E66B7F81F829DF800DE0B0F /* PBXContainerItemProxy */;
		};
		2E66B8041F829DF800DE0B0F /* PBXTargetDependency */ = {
			isa = PBXTargetDependency;
			target = 2E66B7DB1F829DF800DE0B0F /* iCheckIn */;
			targetProxy = 2E66B8031F829DF800DE0B0F /* PBXContainerItemProxy */;
		};
/* End PBXTargetDependency section */

/* Begin PBXVariantGroup section */
		2E66B7E51F829DF800DE0B0F /* Main.storyboard */ = {
			isa = PBXVariantGroup;
			children = (
				2E66B7E61F829DF800DE0B0F /* Base */,
			);
			name = Main.storyboard;
			sourceTree = "<group>";
		};
		2E66B7ED1F829DF800DE0B0F /* LaunchScreen.storyboard */ = {
			isa = PBXVariantGroup;
			children = (
				2E66B7EE1F829DF800DE0B0F /* Base */,
			);
			name = LaunchScreen.storyboard;
			sourceTree = "<group>";
		};
/* End PBXVariantGroup section */

/* Begin XCBuildConfiguration section */
		2E66B8091F829DF800DE0B0F /* Debug */ = {
			isa = XCBuildConfiguration;
			buildSettings = {
				ALWAYS_SEARCH_USER_PATHS = NO;
				CLANG_ANALYZER_NONNULL = YES;
				CLANG_ANALYZER_NUMBER_OBJECT_CONVERSION = YES_AGGRESSIVE;
				CLANG_CXX_LANGUAGE_STANDARD = "gnu++14";
				CLANG_CXX_LIBRARY = "libc++";
				CLANG_ENABLE_MODULES = YES;
				CLANG_ENABLE_OBJC_ARC = YES;
				CLANG_WARN_BLOCK_CAPTURE_AUTORELEASING = YES;
				CLANG_WARN_BOOL_CONVERSION = YES;
				CLANG_WARN_COMMA = YES;
				CLANG_WARN_CONSTANT_CONVERSION = YES;
				CLANG_WARN_DIRECT_OBJC_ISA_USAGE = YES_ERROR;
				CLANG_WARN_DOCUMENTATION_COMMENTS = YES;
				CLANG_WARN_EMPTY_BODY = YES;
				CLANG_WARN_ENUM_CONVERSION = YES;
				CLANG_WARN_INFINITE_RECURSION = YES;
				CLANG_WARN_INT_CONVERSION = YES;
				CLANG_WARN_NON_LITERAL_NULL_CONVERSION = YES;
				CLANG_WARN_OBJC_LITERAL_CONVERSION = YES;
				CLANG_WARN_OBJC_ROOT_CLASS = YES_ERROR;
				CLANG_WARN_RANGE_LOOP_ANALYSIS = YES;
				CLANG_WARN_STRICT_PROTOTYPES = YES;
				CLANG_WARN_SUSPICIOUS_MOVE = YES;
				CLANG_WARN_UNGUARDED_AVAILABILITY = YES_AGGRESSIVE;
				CLANG_WARN_UNREACHABLE_CODE = YES;
				CLANG_WARN__DUPLICATE_METHOD_MATCH = YES;
				CODE_SIGN_IDENTITY = "iPhone Developer";
				COPY_PHASE_STRIP = NO;
				DEBUG_INFORMATION_FORMAT = dwarf;
				ENABLE_STRICT_OBJC_MSGSEND = YES;
				ENABLE_TESTABILITY = YES;
				GCC_C_LANGUAGE_STANDARD = gnu11;
				GCC_DYNAMIC_NO_PIC = NO;
				GCC_NO_COMMON_BLOCKS = YES;
				GCC_OPTIMIZATION_LEVEL = 0;
				GCC_PREPROCESSOR_DEFINITIONS = (
					"DEBUG=1",
					"$(inherited)",
				);
				GCC_WARN_64_TO_32_BIT_CONVERSION = YES;
				GCC_WARN_ABOUT_RETURN_TYPE = YES_ERROR;
				GCC_WARN_UNDECLARED_SELECTOR = YES;
				GCC_WARN_UNINITIALIZED_AUTOS = YES_AGGRESSIVE;
				GCC_WARN_UNUSED_FUNCTION = YES;
				GCC_WARN_UNUSED_VARIABLE = YES;
				IPHONEOS_DEPLOYMENT_TARGET = 11.0;
				MTL_ENABLE_DEBUG_INFO = YES;
				ONLY_ACTIVE_ARCH = YES;
				SDKROOT = iphoneos;
			};
			name = Debug;
		};
		2E66B80A1F829DF800DE0B0F /* Release */ = {
			isa = XCBuildConfiguration;
			buildSettings = {
				ALWAYS_SEARCH_USER_PATHS = NO;
				CLANG_ANALYZER_NONNULL = YES;
				CLANG_ANALYZER_NUMBER_OBJECT_CONVERSION = YES_AGGRESSIVE;
				CLANG_CXX_LANGUAGE_STANDARD = "gnu++14";
				CLANG_CXX_LIBRARY = "libc++";
				CLANG_ENABLE_MODULES = YES;
				CLANG_ENABLE_OBJC_ARC = YES;
				CLANG_WARN_BLOCK_CAPTURE_AUTORELEASING = YES;
				CLANG_WARN_BOOL_CONVERSION = YES;
				CLANG_WARN_COMMA = YES;
				CLANG_WARN_CONSTANT_CONVERSION = YES;
				CLANG_WARN_DIRECT_OBJC_ISA_USAGE = YES_ERROR;
				CLANG_WARN_DOCUMENTATION_COMMENTS = YES;
				CLANG_WARN_EMPTY_BODY = YES;
				CLANG_WARN_ENUM_CONVERSION = YES;
				CLANG_WARN_INFINITE_RECURSION = YES;
				CLANG_WARN_INT_CONVERSION = YES;
				CLANG_WARN_NON_LITERAL_NULL_CONVERSION = YES;
				CLANG_WARN_OBJC_LITERAL_CONVERSION = YES;
				CLANG_WARN_OBJC_ROOT_CLASS = YES_ERROR;
				CLANG_WARN_RANGE_LOOP_ANALYSIS = YES;
				CLANG_WARN_STRICT_PROTOTYPES = YES;
				CLANG_WARN_SUSPICIOUS_MOVE = YES;
				CLANG_WARN_UNGUARDED_AVAILABILITY = YES_AGGRESSIVE;
				CLANG_WARN_UNREACHABLE_CODE = YES;
				CLANG_WARN__DUPLICATE_METHOD_MATCH = YES;
				CODE_SIGN_IDENTITY = "iPhone Developer";
				COPY_PHASE_STRIP = NO;
				DEBUG_INFORMATION_FORMAT = "dwarf-with-dsym";
				ENABLE_NS_ASSERTIONS = NO;
				ENABLE_STRICT_OBJC_MSGSEND = YES;
				GCC_C_LANGUAGE_STANDARD = gnu11;
				GCC_NO_COMMON_BLOCKS = YES;
				GCC_WARN_64_TO_32_BIT_CONVERSION = YES;
				GCC_WARN_ABOUT_RETURN_TYPE = YES_ERROR;
				GCC_WARN_UNDECLARED_SELECTOR = YES;
				GCC_WARN_UNINITIALIZED_AUTOS = YES_AGGRESSIVE;
				GCC_WARN_UNUSED_FUNCTION = YES;
				GCC_WARN_UNUSED_VARIABLE = YES;
				IPHONEOS_DEPLOYMENT_TARGET = 11.0;
				MTL_ENABLE_DEBUG_INFO = NO;
				SDKROOT = iphoneos;
				VALIDATE_PRODUCT = YES;
			};
			name = Release;
		};
		2E66B80C1F829DF800DE0B0F /* Debug */ = {
			isa = XCBuildConfiguration;
			baseConfigurationReference = 7E1DCA00AD1332BA6C7B9A39 /* Pods-iCheckIn.debug.xcconfig */;
			buildSettings = {
				ASSETCATALOG_COMPILER_APPICON_NAME = AppIcon;
				CODE_SIGN_STYLE = Automatic;
				DEVELOPMENT_TEAM = 7Z59E8EDBY;
				INFOPLIST_FILE = iCheckIn/Info.plist;
				LD_RUNPATH_SEARCH_PATHS = "$(inherited) @executable_path/Frameworks";
				PRODUCT_BUNDLE_IDENTIFIER = kdr.iCheckIn;
				PRODUCT_NAME = "$(TARGET_NAME)";
				TARGETED_DEVICE_FAMILY = "1,2";
			};
			name = Debug;
		};
		2E66B80D1F829DF800DE0B0F /* Release */ = {
			isa = XCBuildConfiguration;
			baseConfigurationReference = 5B06726CFBB2162DA2EECC9A /* Pods-iCheckIn.release.xcconfig */;
			buildSettings = {
				ASSETCATALOG_COMPILER_APPICON_NAME = AppIcon;
				CODE_SIGN_STYLE = Automatic;
				DEVELOPMENT_TEAM = 7Z59E8EDBY;
				INFOPLIST_FILE = iCheckIn/Info.plist;
				LD_RUNPATH_SEARCH_PATHS = "$(inherited) @executable_path/Frameworks";
				PRODUCT_BUNDLE_IDENTIFIER = kdr.iCheckIn;
				PRODUCT_NAME = "$(TARGET_NAME)";
				TARGETED_DEVICE_FAMILY = "1,2";
			};
			name = Release;
		};
		2E66B80F1F829DF800DE0B0F /* Debug */ = {
			isa = XCBuildConfiguration;
			baseConfigurationReference = 6D05A3DFF77667F0FE93D25A /* Pods-iCheckInTests.debug.xcconfig */;
			buildSettings = {
				BUNDLE_LOADER = "$(TEST_HOST)";
				CODE_SIGN_STYLE = Automatic;
				DEVELOPMENT_TEAM = 7Z59E8EDBY;
				INFOPLIST_FILE = iCheckInTests/Info.plist;
				LD_RUNPATH_SEARCH_PATHS = "$(inherited) @executable_path/Frameworks @loader_path/Frameworks";
				PRODUCT_BUNDLE_IDENTIFIER = kdr.iCheckInTests;
				PRODUCT_NAME = "$(TARGET_NAME)";
				TARGETED_DEVICE_FAMILY = "1,2";
				TEST_HOST = "$(BUILT_PRODUCTS_DIR)/iCheckIn.app/iCheckIn";
			};
			name = Debug;
		};
		2E66B8101F829DF800DE0B0F /* Release */ = {
			isa = XCBuildConfiguration;
			baseConfigurationReference = C3242FDF9BD75D08D4D1F4F0 /* Pods-iCheckInTests.release.xcconfig */;
			buildSettings = {
				BUNDLE_LOADER = "$(TEST_HOST)";
				CODE_SIGN_STYLE = Automatic;
				DEVELOPMENT_TEAM = 7Z59E8EDBY;
				INFOPLIST_FILE = iCheckInTests/Info.plist;
				LD_RUNPATH_SEARCH_PATHS = "$(inherited) @executable_path/Frameworks @loader_path/Frameworks";
				PRODUCT_BUNDLE_IDENTIFIER = kdr.iCheckInTests;
				PRODUCT_NAME = "$(TARGET_NAME)";
				TARGETED_DEVICE_FAMILY = "1,2";
				TEST_HOST = "$(BUILT_PRODUCTS_DIR)/iCheckIn.app/iCheckIn";
			};
			name = Release;
		};
		2E66B8121F829DF800DE0B0F /* Debug */ = {
			isa = XCBuildConfiguration;
			baseConfigurationReference = B01EDD3CE06C15075F87F7DA /* Pods-iCheckInUITests.debug.xcconfig */;
			buildSettings = {
				CODE_SIGN_STYLE = Automatic;
				DEVELOPMENT_TEAM = 7Z59E8EDBY;
				INFOPLIST_FILE = iCheckInUITests/Info.plist;
				LD_RUNPATH_SEARCH_PATHS = "$(inherited) @executable_path/Frameworks @loader_path/Frameworks";
				PRODUCT_BUNDLE_IDENTIFIER = kdr.iCheckInUITests;
				PRODUCT_NAME = "$(TARGET_NAME)";
				TARGETED_DEVICE_FAMILY = "1,2";
				TEST_TARGET_NAME = iCheckIn;
			};
			name = Debug;
		};
		2E66B8131F829DF800DE0B0F /* Release */ = {
			isa = XCBuildConfiguration;
			baseConfigurationReference = 259E19C598C1E1BFD2EE9523 /* Pods-iCheckInUITests.release.xcconfig */;
			buildSettings = {
				CODE_SIGN_STYLE = Automatic;
				DEVELOPMENT_TEAM = 7Z59E8EDBY;
				INFOPLIST_FILE = iCheckInUITests/Info.plist;
				LD_RUNPATH_SEARCH_PATHS = "$(inherited) @executable_path/Frameworks @loader_path/Frameworks";
				PRODUCT_BUNDLE_IDENTIFIER = kdr.iCheckInUITests;
				PRODUCT_NAME = "$(TARGET_NAME)";
				TARGETED_DEVICE_FAMILY = "1,2";
				TEST_TARGET_NAME = iCheckIn;
			};
			name = Release;
		};
/* End XCBuildConfiguration section */

/* Begin XCConfigurationList section */
		2E66B7D71F829DF800DE0B0F /* Build configuration list for PBXProject "iCheckIn" */ = {
			isa = XCConfigurationList;
			buildConfigurations = (
				2E66B8091F829DF800DE0B0F /* Debug */,
				2E66B80A1F829DF800DE0B0F /* Release */,
			);
			defaultConfigurationIsVisible = 0;
			defaultConfigurationName = Release;
		};
		2E66B80B1F829DF800DE0B0F /* Build configuration list for PBXNativeTarget "iCheckIn" */ = {
			isa = XCConfigurationList;
			buildConfigurations = (
				2E66B80C1F829DF800DE0B0F /* Debug */,
				2E66B80D1F829DF800DE0B0F /* Release */,
			);
			defaultConfigurationIsVisible = 0;
			defaultConfigurationName = Release;
		};
		2E66B80E1F829DF800DE0B0F /* Build configuration list for PBXNativeTarget "iCheckInTests" */ = {
			isa = XCConfigurationList;
			buildConfigurations = (
				2E66B80F1F829DF800DE0B0F /* Debug */,
				2E66B8101F829DF800DE0B0F /* Release */,
			);
			defaultConfigurationIsVisible = 0;
			defaultConfigurationName = Release;
		};
		2E66B8111F829DF800DE0B0F /* Build configuration list for PBXNativeTarget "iCheckInUITests" */ = {
			isa = XCConfigurationList;
			buildConfigurations = (
				2E66B8121F829DF800DE0B0F /* Debug */,
				2E66B8131F829DF800DE0B0F /* Release */,
			);
			defaultConfigurationIsVisible = 0;
			defaultConfigurationName = Release;
		};
/* End XCConfigurationList section */

/* Begin XCVersionGroup section */
		2E66B7E81F829DF800DE0B0F /* iCheckIn.xcdatamodeld */ = {
			isa = XCVersionGroup;
			children = (
				2E66B7E91F829DF800DE0B0F /* iCheckIn.xcdatamodel */,
			);
			currentVersion = 2E66B7E91F829DF800DE0B0F /* iCheckIn.xcdatamodel */;
			path = iCheckIn.xcdatamodeld;
			sourceTree = "<group>";
			versionGroupType = wrapper.xcdatamodel;
		};
/* End XCVersionGroup section */
	};
	rootObject = 2E66B7D41F829DF800DE0B0F /* Project object */;
}
